
Microsoft Visual Studio Solution File, Format Version 12.00
# Visual Studio Version 17
VisualStudioVersion = 17.14.36518.9 d17.14
MinimumVisualStudioVersion = 10.0.40219.1
Project("{FAE04EC0-301F-11D3-BF4B-00C04F79EFBC}") = "condicionais", "condicionais.csproj", "{A1BC2DE8-2B3B-4E44-8A2B-1C18CBA0EBF7}"
EndProject
Global
	GlobalSection(SolutionConfigurationPlatforms) = preSolution
		Debug|Any CPU = Debug|Any CPU
		Release|Any CPU = Release|Any CPU
	EndGlobalSection
	GlobalSection(ProjectConfigurationPlatforms) = postSolution
		{A1BC2DE8-2B3B-4E44-8A2B-1C18CBA0EBF7}.Debug|Any CPU.ActiveCfg = Debug|Any CPU
		{A1BC2DE8-2B3B-4E44-8A2B-1C18CBA0EBF7}.Debug|Any CPU.Build.0 = Debug|Any CPU
		{A1BC2DE8-2B3B-4E44-8A2B-1C18CBA0EBF7}.Release|Any CPU.ActiveCfg = Release|Any CPU
		{A1BC2DE8-2B3B-4E44-8A2B-1C18CBA0EBF7}.Release|Any CPU.Build.0 = Release|Any CPU
	EndGlobalSection
	GlobalSection(SolutionProperties) = preSolution
		HideSolutionNode = FALSE
	EndGlobalSection
	GlobalSection(ExtensibilityGlobals) = postSolution
		SolutionGuid = {6565F904-E623-41A4-BEDA-AEAC0E144DE5}
	EndGlobalSection
EndGlobal
