
Microsoft Visual Studio Solution File, Format Version 12.00
# Visual Studio Version 17
VisualStudioVersion = 17.14.36518.9 d17.14
MinimumVisualStudioVersion = 10.0.40219.1
Project("{FAE04EC0-301F-11D3-BF4B-00C04F79EFBC}") = "Registros", "Registros.csproj", "{2A3F5F51-6A6E-4D17-ADA7-BD980B2DC1D5}"
EndProject
Global
	GlobalSection(SolutionConfigurationPlatforms) = preSolution
		Debug|Any CPU = Debug|Any CPU
		Release|Any CPU = Release|Any CPU
	EndGlobalSection
	GlobalSection(ProjectConfigurationPlatforms) = postSolution
		{2A3F5F51-6A6E-4D17-ADA7-BD980B2DC1D5}.Debug|Any CPU.ActiveCfg = Debug|Any CPU
		{2A3F5F51-6A6E-4D17-ADA7-BD980B2DC1D5}.Debug|Any CPU.Build.0 = Debug|Any CPU
		{2A3F5F51-6A6E-4D17-ADA7-BD980B2DC1D5}.Release|Any CPU.ActiveCfg = Release|Any CPU
		{2A3F5F51-6A6E-4D17-ADA7-BD980B2DC1D5}.Release|Any CPU.Build.0 = Release|Any CPU
	EndGlobalSection
	GlobalSection(SolutionProperties) = preSolution
		HideSolutionNode = FALSE
	EndGlobalSection
	GlobalSection(ExtensibilityGlobals) = postSolution
		SolutionGuid = {FE6A0D4C-0D5C-4F98-BB0C-62BBE0A59D3F}
	EndGlobalSection
EndGlobal
